
Microsoft Visual Studio Solution File, Format Version 12.00
# Visual Studio Version 17
VisualStudioVersion = 17.2.32516.85
MinimumVisualStudioVersion = 10.0.40219.1
Project("{FAE04EC0-301F-11D3-BF4B-00C04F79EFBC}") = "cp202201-voto_API_v1", "cp202201-voto_API_v1.csproj", "{99EECFA7-C8F7-4366-A817-8FF2D81A77D7}"
EndProject
Global
	GlobalSection(SolutionConfigurationPlatforms) = preSolution
		Debug|Any CPU = Debug|Any CPU
		Release|Any CPU = Release|Any CPU
	EndGlobalSection
	GlobalSection(ProjectConfigurationPlatforms) = postSolution
		{99EECFA7-C8F7-4366-A817-8FF2D81A77D7}.Debug|Any CPU.ActiveCfg = Debug|Any CPU
		{99EECFA7-C8F7-4366-A817-8FF2D81A77D7}.Debug|Any CPU.Build.0 = Debug|Any CPU
		{99EECFA7-C8F7-4366-A817-8FF2D81A77D7}.Release|Any CPU.ActiveCfg = Release|Any CPU
		{99EECFA7-C8F7-4366-A817-8FF2D81A77D7}.Release|Any CPU.Build.0 = Release|Any CPU
	EndGlobalSection
	GlobalSection(SolutionProperties) = preSolution
		HideSolutionNode = FALSE
	EndGlobalSection
	GlobalSection(ExtensibilityGlobals) = postSolution
		SolutionGuid = {E7A232BE-2556-473D-B6B7-AB529EDABADE}
	EndGlobalSection
EndGlobal
